
Microsoft Visual Studio Solution File, Format Version 12.00
# Visual Studio 15
VisualStudioVersion = 15.0.28010.2048
MinimumVisualStudioVersion = 10.0.40219.1
Project("{FAE04EC0-301F-11D3-BF4B-00C04F79EFBC}") = "Kelson.Common.Reflection", "Kelson.Common.Reflection\Kelson.Common.Reflection.csproj", "{9CA95871-4CE0-40AD-9F91-BAA68246B0FF}"
EndProject
Global
	GlobalSection(SolutionConfigurationPlatforms) = preSolution
		Debug|Any CPU = Debug|Any CPU
		Release|Any CPU = Release|Any CPU
	EndGlobalSection
	GlobalSection(ProjectConfigurationPlatforms) = postSolution
		{9CA95871-4CE0-40AD-9F91-BAA68246B0FF}.Debug|Any CPU.ActiveCfg = Debug|Any CPU
		{9CA95871-4CE0-40AD-9F91-BAA68246B0FF}.Debug|Any CPU.Build.0 = Debug|Any CPU
		{9CA95871-4CE0-40AD-9F91-BAA68246B0FF}.Release|Any CPU.ActiveCfg = Release|Any CPU
		{9CA95871-4CE0-40AD-9F91-BAA68246B0FF}.Release|Any CPU.Build.0 = Release|Any CPU
	EndGlobalSection
	GlobalSection(SolutionProperties) = preSolution
		HideSolutionNode = FALSE
	EndGlobalSection
	GlobalSection(ExtensibilityGlobals) = postSolution
		SolutionGuid = {3EB80600-C131-4127-9DA1-17FE798E034C}
	EndGlobalSection
EndGlobal
